
Microsoft Visual Studio Solution File, Format Version 12.00
# Visual Studio Version 16
VisualStudioVersion = 16.0.31410.357
MinimumVisualStudioVersion = 10.0.40219.1
Project("{FAE04EC0-301F-11D3-BF4B-00C04F79EFBC}") = "Menolaskuri", "Menolaskuri.csproj", "{DB45F5ED-97C4-4785-BB45-773AB0296C5D}"
EndProject
Global
	GlobalSection(SolutionConfigurationPlatforms) = preSolution
		Debug|Any CPU = Debug|Any CPU
		Release|Any CPU = Release|Any CPU
	EndGlobalSection
	GlobalSection(ProjectConfigurationPlatforms) = postSolution
		{DB45F5ED-97C4-4785-BB45-773AB0296C5D}.Debug|Any CPU.ActiveCfg = Debug|Any CPU
		{DB45F5ED-97C4-4785-BB45-773AB0296C5D}.Debug|Any CPU.Build.0 = Debug|Any CPU
		{DB45F5ED-97C4-4785-BB45-773AB0296C5D}.Release|Any CPU.ActiveCfg = Release|Any CPU
		{DB45F5ED-97C4-4785-BB45-773AB0296C5D}.Release|Any CPU.Build.0 = Release|Any CPU
	EndGlobalSection
	GlobalSection(SolutionProperties) = preSolution
		HideSolutionNode = FALSE
	EndGlobalSection
	GlobalSection(ExtensibilityGlobals) = postSolution
		SolutionGuid = {F83A8814-ABF9-47DD-954E-2763ED5629F0}
	EndGlobalSection
EndGlobal
